
Microsoft Visual Studio Solution File, Format Version 12.00
# Visual Studio 15
VisualStudioVersion = 15.0.27703.2035
MinimumVisualStudioVersion = 10.0.40219.1
Project("{2150E333-8FDC-42A3-9474-1A3956D46DE8}") = "Solution Items", "Solution Items", "{3372EC5B-3989-4C2F-BA92-A3D746B5F917}"
	ProjectSection(SolutionItems) = preProject
		..\.gitignore = ..\.gitignore
		..\appveyor.yml = ..\appveyor.yml
		..\paket.dependencies = ..\paket.dependencies
		..\paket.lock = ..\paket.lock
	EndProjectSection
EndProject
Project("{9A19103F-16F7-4668-BE54-9A1E7A4F7556}") = "MustardBlack", "MustardBlack\MustardBlack.csproj", "{823CDC0B-1F01-4E42-AB08-785FEF3FA4DE}"
EndProject
Project("{FAE04EC0-301F-11D3-BF4B-00C04F79EFBC}") = "MustardBlack.Tests", "MustardBlack.Tests\MustardBlack.Tests.csproj", "{21180A8B-7F36-432F-97DE-21AE0E5BEEDA}"
EndProject
Project("{9A19103F-16F7-4668-BE54-9A1E7A4F7556}") = "MustardBlack.ViewEngines.Razor", "MustardBlack.ViewEngines.Razor\MustardBlack.ViewEngines.Razor.csproj", "{5DF08811-CA1F-4167-B837-77DDDDE98C62}"
EndProject
Project("{FAE04EC0-301F-11D3-BF4B-00C04F79EFBC}") = "MustardBlack.Hosting.AspNet", "MustardBlack.Hosting.AspNet\MustardBlack.Hosting.AspNet.csproj", "{D4264C23-358F-4071-A7EE-5FE8C9345F26}"
EndProject
Project("{9A19103F-16F7-4668-BE54-9A1E7A4F7556}") = "MustardBlack.Assets.Sass", "MustardBlack.Assets.Sass\MustardBlack.Assets.Sass.csproj", "{A68B1654-2894-4EAC-9EA2-55C716673FC1}"
EndProject
Project("{9A19103F-16F7-4668-BE54-9A1E7A4F7556}") = "MustardBlack.Assets.Less", "MustardBlack.Assets.Less\MustardBlack.Assets.Less.csproj", "{7B518DA6-8DB7-4E9E-B453-61D57F3E057C}"
EndProject
Project("{9A19103F-16F7-4668-BE54-9A1E7A4F7556}") = "MustardBlack.Assets.YuiCompressor", "MustardBlack.Assets.YuiCompressor\MustardBlack.Assets.YuiCompressor.csproj", "{47A5DCB5-1FA8-462C-80EB-1F0E2E0F422A}"
EndProject
Project("{9A19103F-16F7-4668-BE54-9A1E7A4F7556}") = "MustardBlack.Assets.Build", "MustardBlack.Assets.Build\MustardBlack.Assets.Build.csproj", "{11CE8FDF-98B6-427A-AFA5-A53F2F5598C3}"
EndProject
Project("{9A19103F-16F7-4668-BE54-9A1E7A4F7556}") = "MustardBlack.ViewEngines.Razor.Build", "MustardBlack.ViewEngines.Razor.Build\MustardBlack.ViewEngines.Razor.Build.csproj", "{848F2D5B-4088-43E7-ADB4-BE6E0AF7712D}"
EndProject
Project("{FAE04EC0-301F-11D3-BF4B-00C04F79EFBC}") = "MustardBlack.Example.AspNet", "MustardBlack.Example.AspNet\MustardBlack.Example.AspNet.csproj", "{7CE77C04-4C53-4C66-8163-34FFCC72F716}"
EndProject
Project("{FAE04EC0-301F-11D3-BF4B-00C04F79EFBC}") = "MustardBlack.Example.AspNetCore", "MustardBlack.Example.AspNetCore\MustardBlack.Example.AspNetCore.csproj", "{E0BDA767-C6F7-4F19-9D82-1C713AC6F7B5}"
EndProject
Project("{FAE04EC0-301F-11D3-BF4B-00C04F79EFBC}") = "MustardBlack.Hosting.AspNetCore", "MustardBlack.Hosting.AspNetCore\MustardBlack.Hosting.AspNetCore.csproj", "{FDEAF04D-C6EA-4220-9715-BB8E4A486CB5}"
EndProject
Global
	GlobalSection(SolutionConfigurationPlatforms) = preSolution
		Debug|Any CPU = Debug|Any CPU
		Release|Any CPU = Release|Any CPU
		Test|Any CPU = Test|Any CPU
	EndGlobalSection
	GlobalSection(ProjectConfigurationPlatforms) = postSolution
		{823CDC0B-1F01-4E42-AB08-785FEF3FA4DE}.Debug|Any CPU.ActiveCfg = Debug|Any CPU
		{823CDC0B-1F01-4E42-AB08-785FEF3FA4DE}.Debug|Any CPU.Build.0 = Debug|Any CPU
		{823CDC0B-1F01-4E42-AB08-785FEF3FA4DE}.Release|Any CPU.ActiveCfg = Release|Any CPU
		{823CDC0B-1F01-4E42-AB08-785FEF3FA4DE}.Release|Any CPU.Build.0 = Release|Any CPU
		{823CDC0B-1F01-4E42-AB08-785FEF3FA4DE}.Test|Any CPU.ActiveCfg = Release|Any CPU
		{823CDC0B-1F01-4E42-AB08-785FEF3FA4DE}.Test|Any CPU.Build.0 = Release|Any CPU
		{21180A8B-7F36-432F-97DE-21AE0E5BEEDA}.Debug|Any CPU.ActiveCfg = Debug|Any CPU
		{21180A8B-7F36-432F-97DE-21AE0E5BEEDA}.Debug|Any CPU.Build.0 = Debug|Any CPU
		{21180A8B-7F36-432F-97DE-21AE0E5BEEDA}.Release|Any CPU.ActiveCfg = Release|Any CPU
		{21180A8B-7F36-432F-97DE-21AE0E5BEEDA}.Release|Any CPU.Build.0 = Release|Any CPU
		{21180A8B-7F36-432F-97DE-21AE0E5BEEDA}.Test|Any CPU.ActiveCfg = Release|Any CPU
		{21180A8B-7F36-432F-97DE-21AE0E5BEEDA}.Test|Any CPU.Build.0 = Release|Any CPU
		{5DF08811-CA1F-4167-B837-77DDDDE98C62}.Debug|Any CPU.ActiveCfg = Debug|Any CPU
		{5DF08811-CA1F-4167-B837-77DDDDE98C62}.Debug|Any CPU.Build.0 = Debug|Any CPU
		{5DF08811-CA1F-4167-B837-77DDDDE98C62}.Release|Any CPU.ActiveCfg = Release|Any CPU
		{5DF08811-CA1F-4167-B837-77DDDDE98C62}.Release|Any CPU.Build.0 = Release|Any CPU
		{5DF08811-CA1F-4167-B837-77DDDDE98C62}.Test|Any CPU.ActiveCfg = Release|Any CPU
		{5DF08811-CA1F-4167-B837-77DDDDE98C62}.Test|Any CPU.Build.0 = Release|Any CPU
		{D4264C23-358F-4071-A7EE-5FE8C9345F26}.Debug|Any CPU.ActiveCfg = Debug|Any CPU
		{D4264C23-358F-4071-A7EE-5FE8C9345F26}.Debug|Any CPU.Build.0 = Debug|Any CPU
		{D4264C23-358F-4071-A7EE-5FE8C9345F26}.Release|Any CPU.ActiveCfg = Release|Any CPU
		{D4264C23-358F-4071-A7EE-5FE8C9345F26}.Release|Any CPU.Build.0 = Release|Any CPU
		{D4264C23-358F-4071-A7EE-5FE8C9345F26}.Test|Any CPU.ActiveCfg = Release|Any CPU
		{D4264C23-358F-4071-A7EE-5FE8C9345F26}.Test|Any CPU.Build.0 = Release|Any CPU
		{A68B1654-2894-4EAC-9EA2-55C716673FC1}.Debug|Any CPU.ActiveCfg = Debug|Any CPU
		{A68B1654-2894-4EAC-9EA2-55C716673FC1}.Debug|Any CPU.Build.0 = Debug|Any CPU
		{A68B1654-2894-4EAC-9EA2-55C716673FC1}.Release|Any CPU.ActiveCfg = Release|Any CPU
		{A68B1654-2894-4EAC-9EA2-55C716673FC1}.Release|Any CPU.Build.0 = Release|Any CPU
		{A68B1654-2894-4EAC-9EA2-55C716673FC1}.Test|Any CPU.ActiveCfg = Release|Any CPU
		{A68B1654-2894-4EAC-9EA2-55C716673FC1}.Test|Any CPU.Build.0 = Release|Any CPU
		{7B518DA6-8DB7-4E9E-B453-61D57F3E057C}.Debug|Any CPU.ActiveCfg = Debug|Any CPU
		{7B518DA6-8DB7-4E9E-B453-61D57F3E057C}.Debug|Any CPU.Build.0 = Debug|Any CPU
		{7B518DA6-8DB7-4E9E-B453-61D57F3E057C}.Release|Any CPU.ActiveCfg = Release|Any CPU
		{7B518DA6-8DB7-4E9E-B453-61D57F3E057C}.Release|Any CPU.Build.0 = Release|Any CPU
		{7B518DA6-8DB7-4E9E-B453-61D57F3E057C}.Test|Any CPU.ActiveCfg = Debug|Any CPU
		{7B518DA6-8DB7-4E9E-B453-61D57F3E057C}.Test|Any CPU.Build.0 = Debug|Any CPU
		{47A5DCB5-1FA8-462C-80EB-1F0E2E0F422A}.Debug|Any CPU.ActiveCfg = Debug|Any CPU
		{47A5DCB5-1FA8-462C-80EB-1F0E2E0F422A}.Debug|Any CPU.Build.0 = Debug|Any CPU
		{47A5DCB5-1FA8-462C-80EB-1F0E2E0F422A}.Release|Any CPU.ActiveCfg = Release|Any CPU
		{47A5DCB5-1FA8-462C-80EB-1F0E2E0F422A}.Release|Any CPU.Build.0 = Release|Any CPU
		{47A5DCB5-1FA8-462C-80EB-1F0E2E0F422A}.Test|Any CPU.ActiveCfg = Debug|Any CPU
		{47A5DCB5-1FA8-462C-80EB-1F0E2E0F422A}.Test|Any CPU.Build.0 = Debug|Any CPU
		{11CE8FDF-98B6-427A-AFA5-A53F2F5598C3}.Debug|Any CPU.ActiveCfg = Debug|Any CPU
		{11CE8FDF-98B6-427A-AFA5-A53F2F5598C3}.Debug|Any CPU.Build.0 = Debug|Any CPU
		{11CE8FDF-98B6-427A-AFA5-A53F2F5598C3}.Release|Any CPU.ActiveCfg = Release|Any CPU
		{11CE8FDF-98B6-427A-AFA5-A53F2F5598C3}.Release|Any CPU.Build.0 = Release|Any CPU
		{11CE8FDF-98B6-427A-AFA5-A53F2F5598C3}.Test|Any CPU.ActiveCfg = Debug|Any CPU
		{11CE8FDF-98B6-427A-AFA5-A53F2F5598C3}.Test|Any CPU.Build.0 = Debug|Any CPU
		{848F2D5B-4088-43E7-ADB4-BE6E0AF7712D}.Debug|Any CPU.ActiveCfg = Debug|Any CPU
		{848F2D5B-4088-43E7-ADB4-BE6E0AF7712D}.Debug|Any CPU.Build.0 = Debug|Any CPU
		{848F2D5B-4088-43E7-ADB4-BE6E0AF7712D}.Release|Any CPU.ActiveCfg = Release|Any CPU
		{848F2D5B-4088-43E7-ADB4-BE6E0AF7712D}.Release|Any CPU.Build.0 = Release|Any CPU
		{848F2D5B-4088-43E7-ADB4-BE6E0AF7712D}.Test|Any CPU.ActiveCfg = Debug|Any CPU
		{848F2D5B-4088-43E7-ADB4-BE6E0AF7712D}.Test|Any CPU.Build.0 = Debug|Any CPU
		{7CE77C04-4C53-4C66-8163-34FFCC72F716}.Debug|Any CPU.ActiveCfg = Debug|Any CPU
		{7CE77C04-4C53-4C66-8163-34FFCC72F716}.Debug|Any CPU.Build.0 = Debug|Any CPU
		{7CE77C04-4C53-4C66-8163-34FFCC72F716}.Release|Any CPU.ActiveCfg = Release|Any CPU
		{7CE77C04-4C53-4C66-8163-34FFCC72F716}.Release|Any CPU.Build.0 = Release|Any CPU
		{7CE77C04-4C53-4C66-8163-34FFCC72F716}.Test|Any CPU.ActiveCfg = Test|Any CPU
		{7CE77C04-4C53-4C66-8163-34FFCC72F716}.Test|Any CPU.Build.0 = Test|Any CPU
		{E0BDA767-C6F7-4F19-9D82-1C713AC6F7B5}.Debug|Any CPU.ActiveCfg = Debug|Any CPU
		{E0BDA767-C6F7-4F19-9D82-1C713AC6F7B5}.Debug|Any CPU.Build.0 = Debug|Any CPU
		{E0BDA767-C6F7-4F19-9D82-1C713AC6F7B5}.Release|Any CPU.ActiveCfg = Release|Any CPU
		{E0BDA767-C6F7-4F19-9D82-1C713AC6F7B5}.Release|Any CPU.Build.0 = Release|Any CPU
		{E0BDA767-C6F7-4F19-9D82-1C713AC6F7B5}.Test|Any CPU.ActiveCfg = Debug|Any CPU
		{E0BDA767-C6F7-4F19-9D82-1C713AC6F7B5}.Test|Any CPU.Build.0 = Debug|Any CPU
		{FDEAF04D-C6EA-4220-9715-BB8E4A486CB5}.Debug|Any CPU.ActiveCfg = Debug|Any CPU
		{FDEAF04D-C6EA-4220-9715-BB8E4A486CB5}.Debug|Any CPU.Build.0 = Debug|Any CPU
		{FDEAF04D-C6EA-4220-9715-BB8E4A486CB5}.Release|Any CPU.ActiveCfg = Release|Any CPU
		{FDEAF04D-C6EA-4220-9715-BB8E4A486CB5}.Release|Any CPU.Build.0 = Release|Any CPU
		{FDEAF04D-C6EA-4220-9715-BB8E4A486CB5}.Test|Any CPU.ActiveCfg = Debug|Any CPU
		{FDEAF04D-C6EA-4220-9715-BB8E4A486CB5}.Test|Any CPU.Build.0 = Debug|Any CPU
	EndGlobalSection
	GlobalSection(SolutionProperties) = preSolution
		HideSolutionNode = FALSE
	EndGlobalSection
	GlobalSection(ExtensibilityGlobals) = postSolution
		SolutionGuid = {52FE0E86-C306-4165-8CA2-66756B3F7DED}
	EndGlobalSection
EndGlobal
